
Microsoft Visual Studio Solution File, Format Version 12.00
# Visual Studio Version 16
VisualStudioVersion = 16.0.31515.178
MinimumVisualStudioVersion = 10.0.40219.1
Project("{9A19103F-16F7-4668-BE54-9A1E7A4F7556}") = "AndrewFromZeroToHero", "AndrewFromZeroToHero\AndrewFromZeroToHero.csproj", "{398DD9C8-847C-4362-98D1-2D0E01CF7598}"
EndProject
Project("{9A19103F-16F7-4668-BE54-9A1E7A4F7556}") = "TestProject1", "TestProject1\TestProject1.csproj", "{3236E1CB-5330-4A90-9482-D102EDA527A7}"
EndProject
Project("{9A19103F-16F7-4668-BE54-9A1E7A4F7556}") = "Leapyear", "Leapyear\Leapyear.csproj", "{40C9B1A2-77B8-418F-A934-04138E693F9B}"
EndProject
Project("{9A19103F-16F7-4668-BE54-9A1E7A4F7556}") = "Celsius", "Celsius\Celsius.csproj", "{E7CF91B5-A4BF-4F73-905F-6A4E11DB99F9}"
EndProject
Project("{9A19103F-16F7-4668-BE54-9A1E7A4F7556}") = "BusinessLogic", "BusinessLogic\BusinessLogic.csproj", "{787E51FD-F2B7-4585-802F-EE730957A1F3}"
EndProject
Project("{9A19103F-16F7-4668-BE54-9A1E7A4F7556}") = "Range", "Range\Range.csproj", "{0032C66A-E510-4F51-9A4A-1B36B1F2FC02}"
EndProject
Project("{9A19103F-16F7-4668-BE54-9A1E7A4F7556}") = "CodeTester", "CodeTester\CodeTester.csproj", "{D320F5D6-391B-4981-9FEE-8BB932999A69}"
EndProject
Project("{9A19103F-16F7-4668-BE54-9A1E7A4F7556}") = "Ceasar", "Ceasar\Ceasar.csproj", "{8864D297-B3A5-448A-B60F-21A0C9AF0E7B}"
EndProject
Project("{9A19103F-16F7-4668-BE54-9A1E7A4F7556}") = "ConsignmentShopUI", "ConsignmentShopUI\ConsignmentShopUI.csproj", "{3D9DF826-4957-445F-B8AA-21600D2493C9}"
EndProject
Project("{FAE04EC0-301F-11D3-BF4B-00C04F79EFBC}") = "ConsignmentShopLibrary", "ConsignmentShopLibrary\ConsignmentShopLibrary.csproj", "{9CA6E99B-FB23-4DB6-91D0-5AC1C132D246}"
EndProject
Global
	GlobalSection(SolutionConfigurationPlatforms) = preSolution
		Debug|Any CPU = Debug|Any CPU
		Release|Any CPU = Release|Any CPU
	EndGlobalSection
	GlobalSection(ProjectConfigurationPlatforms) = postSolution
		{398DD9C8-847C-4362-98D1-2D0E01CF7598}.Debug|Any CPU.ActiveCfg = Debug|Any CPU
		{398DD9C8-847C-4362-98D1-2D0E01CF7598}.Debug|Any CPU.Build.0 = Debug|Any CPU
		{398DD9C8-847C-4362-98D1-2D0E01CF7598}.Release|Any CPU.ActiveCfg = Release|Any CPU
		{398DD9C8-847C-4362-98D1-2D0E01CF7598}.Release|Any CPU.Build.0 = Release|Any CPU
		{3236E1CB-5330-4A90-9482-D102EDA527A7}.Debug|Any CPU.ActiveCfg = Debug|Any CPU
		{3236E1CB-5330-4A90-9482-D102EDA527A7}.Debug|Any CPU.Build.0 = Debug|Any CPU
		{3236E1CB-5330-4A90-9482-D102EDA527A7}.Release|Any CPU.ActiveCfg = Release|Any CPU
		{3236E1CB-5330-4A90-9482-D102EDA527A7}.Release|Any CPU.Build.0 = Release|Any CPU
		{40C9B1A2-77B8-418F-A934-04138E693F9B}.Debug|Any CPU.ActiveCfg = Debug|Any CPU
		{40C9B1A2-77B8-418F-A934-04138E693F9B}.Debug|Any CPU.Build.0 = Debug|Any CPU
		{40C9B1A2-77B8-418F-A934-04138E693F9B}.Release|Any CPU.ActiveCfg = Release|Any CPU
		{40C9B1A2-77B8-418F-A934-04138E693F9B}.Release|Any CPU.Build.0 = Release|Any CPU
		{E7CF91B5-A4BF-4F73-905F-6A4E11DB99F9}.Debug|Any CPU.ActiveCfg = Debug|Any CPU
		{E7CF91B5-A4BF-4F73-905F-6A4E11DB99F9}.Debug|Any CPU.Build.0 = Debug|Any CPU
		{E7CF91B5-A4BF-4F73-905F-6A4E11DB99F9}.Release|Any CPU.ActiveCfg = Release|Any CPU
		{E7CF91B5-A4BF-4F73-905F-6A4E11DB99F9}.Release|Any CPU.Build.0 = Release|Any CPU
		{787E51FD-F2B7-4585-802F-EE730957A1F3}.Debug|Any CPU.ActiveCfg = Debug|Any CPU
		{787E51FD-F2B7-4585-802F-EE730957A1F3}.Debug|Any CPU.Build.0 = Debug|Any CPU
		{787E51FD-F2B7-4585-802F-EE730957A1F3}.Release|Any CPU.ActiveCfg = Release|Any CPU
		{787E51FD-F2B7-4585-802F-EE730957A1F3}.Release|Any CPU.Build.0 = Release|Any CPU
		{0032C66A-E510-4F51-9A4A-1B36B1F2FC02}.Debug|Any CPU.ActiveCfg = Debug|Any CPU
		{0032C66A-E510-4F51-9A4A-1B36B1F2FC02}.Debug|Any CPU.Build.0 = Debug|Any CPU
		{0032C66A-E510-4F51-9A4A-1B36B1F2FC02}.Release|Any CPU.ActiveCfg = Release|Any CPU
		{0032C66A-E510-4F51-9A4A-1B36B1F2FC02}.Release|Any CPU.Build.0 = Release|Any CPU
		{D320F5D6-391B-4981-9FEE-8BB932999A69}.Debug|Any CPU.ActiveCfg = Debug|Any CPU
		{D320F5D6-391B-4981-9FEE-8BB932999A69}.Debug|Any CPU.Build.0 = Debug|Any CPU
		{D320F5D6-391B-4981-9FEE-8BB932999A69}.Release|Any CPU.ActiveCfg = Release|Any CPU
		{D320F5D6-391B-4981-9FEE-8BB932999A69}.Release|Any CPU.Build.0 = Release|Any CPU
		{8864D297-B3A5-448A-B60F-21A0C9AF0E7B}.Debug|Any CPU.ActiveCfg = Debug|Any CPU
		{8864D297-B3A5-448A-B60F-21A0C9AF0E7B}.Debug|Any CPU.Build.0 = Debug|Any CPU
		{8864D297-B3A5-448A-B60F-21A0C9AF0E7B}.Release|Any CPU.ActiveCfg = Release|Any CPU
		{8864D297-B3A5-448A-B60F-21A0C9AF0E7B}.Release|Any CPU.Build.0 = Release|Any CPU
		{3D9DF826-4957-445F-B8AA-21600D2493C9}.Debug|Any CPU.ActiveCfg = Debug|Any CPU
		{3D9DF826-4957-445F-B8AA-21600D2493C9}.Debug|Any CPU.Build.0 = Debug|Any CPU
		{3D9DF826-4957-445F-B8AA-21600D2493C9}.Release|Any CPU.ActiveCfg = Release|Any CPU
		{3D9DF826-4957-445F-B8AA-21600D2493C9}.Release|Any CPU.Build.0 = Release|Any CPU
		{9CA6E99B-FB23-4DB6-91D0-5AC1C132D246}.Debug|Any CPU.ActiveCfg = Debug|Any CPU
		{9CA6E99B-FB23-4DB6-91D0-5AC1C132D246}.Debug|Any CPU.Build.0 = Debug|Any CPU
		{9CA6E99B-FB23-4DB6-91D0-5AC1C132D246}.Release|Any CPU.ActiveCfg = Release|Any CPU
		{9CA6E99B-FB23-4DB6-91D0-5AC1C132D246}.Release|Any CPU.Build.0 = Release|Any CPU
	EndGlobalSection
	GlobalSection(SolutionProperties) = preSolution
		HideSolutionNode = FALSE
	EndGlobalSection
	GlobalSection(ExtensibilityGlobals) = postSolution
		SolutionGuid = {20AF468A-F601-43DB-B4B1-0075758F9C0C}
	EndGlobalSection
EndGlobal
